Microsoft Visual Studio Solution File, Format Version 12.00
# Visual Studio 2012
Project("{FAE04EC0-301F-11D3-BF4B-00C04F79EFBC}") = "Mimics & Thieves", "Mimics & Thieves.csproj", "{44B1E107-41B3-4153-9440-08FEA7D7936E}"
EndProject
Global
	GlobalSection(SolutionConfigurationPlatforms) = preSolution
	Debug|Any CPU = Debug|Any CPU
	ExportDebug|Any CPU = ExportDebug|Any CPU
	ExportRelease|Any CPU = ExportRelease|Any CPU
	EndGlobalSection
	GlobalSection(ProjectConfigurationPlatforms) = postSolution
		{44B1E107-41B3-4153-9440-08FEA7D7936E}.Debug|Any CPU.ActiveCfg = Debug|Any CPU
		{44B1E107-41B3-4153-9440-08FEA7D7936E}.Debug|Any CPU.Build.0 = Debug|Any CPU
		{44B1E107-41B3-4153-9440-08FEA7D7936E}.ExportDebug|Any CPU.ActiveCfg = ExportDebug|Any CPU
		{44B1E107-41B3-4153-9440-08FEA7D7936E}.ExportDebug|Any CPU.Build.0 = ExportDebug|Any CPU
		{44B1E107-41B3-4153-9440-08FEA7D7936E}.ExportRelease|Any CPU.ActiveCfg = ExportRelease|Any CPU
		{44B1E107-41B3-4153-9440-08FEA7D7936E}.ExportRelease|Any CPU.Build.0 = ExportRelease|Any CPU
	EndGlobalSection
EndGlobal
